
Microsoft Visual Studio Solution File, Format Version 12.00
# Visual Studio Version 17
VisualStudioVersion = 17.8.34316.72
MinimumVisualStudioVersion = 10.0.40219.1
Project("{FAE04EC0-301F-11D3-BF4B-00C04F79EFBC}") = "ProyectoWebFinal", "ProyectoWebFinal\ProyectoWebFinal.csproj", "{925BD1C5-960A-42B4-B3B7-FFDA06437BA9}"
EndProject
Global
	GlobalSection(SolutionConfigurationPlatforms) = preSolution
		Debug|Any CPU = Debug|Any CPU
		Release|Any CPU = Release|Any CPU
	EndGlobalSection
	GlobalSection(ProjectConfigurationPlatforms) = postSolution
		{925BD1C5-960A-42B4-B3B7-FFDA06437BA9}.Debug|Any CPU.ActiveCfg = Debug|Any CPU
		{925BD1C5-960A-42B4-B3B7-FFDA06437BA9}.Debug|Any CPU.Build.0 = Debug|Any CPU
		{925BD1C5-960A-42B4-B3B7-FFDA06437BA9}.Release|Any CPU.ActiveCfg = Release|Any CPU
		{925BD1C5-960A-42B4-B3B7-FFDA06437BA9}.Release|Any CPU.Build.0 = Release|Any CPU
	EndGlobalSection
	GlobalSection(SolutionProperties) = preSolution
		HideSolutionNode = FALSE
	EndGlobalSection
	GlobalSection(ExtensibilityGlobals) = postSolution
		SolutionGuid = {79F1A4EC-B878-4755-95D2-ED8BF160C99D}
	EndGlobalSection
EndGlobal
